// !$*UTF8*$!
{
	archiveVersion = 1;
	classes = {
	};
	objectVersion = 56;
	objects = {

/* Begin PBXBuildFile section */
		CF528A282AB0F8E600975DAD /* KeychainSampleApp.swift in Sources */ = {isa = PBXBuildFile; fileRef = CF528A272AB0F8E600975DAD /* KeychainSampleApp.swift */; };
		CF528A2A2AB0F8E600975DAD /* LoginView.swift in Sources */ = {isa = PBXBuildFile; fileRef = CF528A292AB0F8E600975DAD /* LoginView.swift */; };
		CF528A2C2AB0F8E600975DAD /* Assets.xcassets in Resources */ = {isa = PBXBuildFile; fileRef = CF528A2B2AB0F8E600975DAD /* Assets.xcassets */; };
		CF528A2F2AB0F8E600975DAD /* Preview Assets.xcassets in Resources */ = {isa = PBXBuildFile; fileRef = CF528A2E2AB0F8E600975DAD /* Preview Assets.xcassets */; };
		CF528A372AB0FA5500975DAD /* Security.framework in Frameworks */ = {isa = PBXBuildFile; fileRef = CF528A362AB0FA5500975DAD /* Security.framework */; };
		CF9919922AB38C0F00B0F9B9 /* KeychainManager.swift in Sources */ = {isa = PBXBuildFile; fileRef = CF9919912AB38C0F00B0F9B9 /* KeychainManager.swift */; };
		CF9919942AB38C4E00B0F9B9 /* FastLoginView.swift in Sources */ = {isa = PBXBuildFile; fileRef = CF9919932AB38C4E00B0F9B9 /* FastLoginView.swift */; };
		CF9919962AB38C7200B0F9B9 /* StringExtension.swift in Sources */ = {isa = PBXBuildFile; fileRef = CF9919952AB38C7200B0F9B9 /* StringExtension.swift */; };
		CF9919982AB38EAA00B0F9B9 /* LoginViewModel.swift in Sources */ = {isa = PBXBuildFile; fileRef = CF9919972AB38EAA00B0F9B9 /* LoginViewModel.swift */; };
/* End PBXBuildFile section */

/* Begin PBXFileReference section */
		CF528A242AB0F8E600975DAD /* KeychainSample.app */ = {isa = PBXFileReference; explicitFileType = wrapper.application; includeInIndex = 0; path = KeychainSample.app; sourceTree = BUILT_PRODUCTS_DIR; };
		CF528A272AB0F8E600975DAD /* KeychainSampleApp.swift */ = {isa = PBXFileReference; lastKnownFileType = sourcecode.swift; path = KeychainSampleApp.swift; sourceTree = "<group>"; };
		CF528A292AB0F8E600975DAD /* LoginView.swift */ = {isa = PBXFileReference; lastKnownFileType = sourcecode.swift; path = LoginView.swift; sourceTree = "<group>"; };
		CF528A2B2AB0F8E600975DAD /* Assets.xcassets */ = {isa = PBXFileReference; lastKnownFileType = folder.assetcatalog; path = Assets.xcassets; sourceTree = "<group>"; };
		CF528A2E2AB0F8E600975DAD /* Preview Assets.xcassets */ = {isa = PBXFileReference; lastKnownFileType = folder.assetcatalog; path = "Preview Assets.xcassets"; sourceTree = "<group>"; };
		CF528A362AB0FA5500975DAD /* Security.framework */ = {isa = PBXFileReference; lastKnownFileType = wrapper.framework; name = Security.framework; path = System/Library/Frameworks/Security.framework; sourceTree = SDKROOT; };
		CF528A382AB0FAAD00975DAD /* Info.plist */ = {isa = PBXFileReference; lastKnownFileType = text.plist; path = Info.plist; sourceTree = "<group>"; };
		CF9919912AB38C0F00B0F9B9 /* KeychainManager.swift */ = {isa = PBXFileReference; lastKnownFileType = sourcecode.swift; path = KeychainManager.swift; sourceTree = "<group>"; };
		CF9919932AB38C4E00B0F9B9 /* FastLoginView.swift */ = {isa = PBXFileReference; lastKnownFileType = sourcecode.swift; path = FastLoginView.swift; sourceTree = "<group>"; };
		CF9919952AB38C7200B0F9B9 /* StringExtension.swift */ = {isa = PBXFileReference; lastKnownFileType = sourcecode.swift; path = StringExtension.swift; sourceTree = "<group>"; };
		CF9919972AB38EAA00B0F9B9 /* LoginViewModel.swift */ = {isa = PBXFileReference; lastKnownFileType = sourcecode.swift; path = LoginViewModel.swift; sourceTree = "<group>"; };
/* End PBXFileReference section */

/* Begin PBXFrameworksBuildPhase section */
		CF528A212AB0F8E600975DAD /* Frameworks */ = {
			isa = PBXFrameworksBuildPhase;
			buildActionMask = 2147483647;
			files = (
				CF528A372AB0FA5500975DAD /* Security.framework in Frameworks */,
			);
			runOnlyForDeploymentPostprocessing = 0;
		};
/* End PBXFrameworksBuildPhase section */

/* Begin PBXGroup section */
		CF528A1B2AB0F8E600975DAD = {
			isa = PBXGroup;
			children = (
				CF528A262AB0F8E600975DAD /* KeychainSample */,
				CF528A252AB0F8E600975DAD /* Products */,
				CF528A352AB0FA5500975DAD /* Frameworks */,
			);
			sourceTree = "<group>";
		};
		CF528A252AB0F8E600975DAD /* Products */ = {
			isa = PBXGroup;
			children = (
				CF528A242AB0F8E600975DAD /* KeychainSample.app */,
			);
			name = Products;
			sourceTree = "<group>";
		};
		CF528A262AB0F8E600975DAD /* KeychainSample */ = {
			isa = PBXGroup;
			children = (
				CF528A382AB0FAAD00975DAD /* Info.plist */,
				CF528A272AB0F8E600975DAD /* KeychainSampleApp.swift */,
				CF528A292AB0F8E600975DAD /* LoginView.swift */,
				CF9919972AB38EAA00B0F9B9 /* LoginViewModel.swift */,
				CF9919932AB38C4E00B0F9B9 /* FastLoginView.swift */,
				CF9919912AB38C0F00B0F9B9 /* KeychainManager.swift */,
				CF9919952AB38C7200B0F9B9 /* StringExtension.swift */,
				CF528A2B2AB0F8E600975DAD /* Assets.xcassets */,
				CF528A2D2AB0F8E600975DAD /* Preview Content */,
			);
			path = KeychainSample;
			sourceTree = "<group>";
		};
		CF528A2D2AB0F8E600975DAD /* Preview Content */ = {
			isa = PBXGroup;
			children = (
				CF528A2E2AB0F8E600975DAD /* Preview Assets.xcassets */,
			);
			path = "Preview Content";
			sourceTree = "<group>";
		};
		CF528A352AB0FA5500975DAD /* Frameworks */ = {
			isa = PBXGroup;
			children = (
				CF528A362AB0FA5500975DAD /* Security.framework */,
			);
			name = Frameworks;
			sourceTree = "<group>";
		};
/* End PBXGroup section */

/* Begin PBXNativeTarget section */
		CF528A232AB0F8E600975DAD /* KeychainSample */ = {
			isa = PBXNativeTarget;
			buildConfigurationList = CF528A322AB0F8E600975DAD /* Build configuration list for PBXNativeTarget "KeychainSample" */;
			buildPhases = (
				CF528A202AB0F8E600975DAD /* Sources */,
				CF528A212AB0F8E600975DAD /* Frameworks */,
				CF528A222AB0F8E600975DAD /* Resources */,
			);
			buildRules = (
			);
			dependencies = (
			);
			name = KeychainSample;
			productName = KeychainSample;
			productReference = CF528A242AB0F8E600975DAD /* KeychainSample.app */;
			productType = "com.apple.product-type.application";
		};
/* End PBXNativeTarget section */

/* Begin PBXProject section */
		CF528A1C2AB0F8E600975DAD /* Project object */ = {
			isa = PBXProject;
			attributes = {
				BuildIndependentTargetsInParallel = 1;
				LastSwiftUpdateCheck = 1430;
				LastUpgradeCheck = 1430;
				TargetAttributes = {
					CF528A232AB0F8E600975DAD = {
						CreatedOnToolsVersion = 14.3;
					};
				};
			};
			buildConfigurationList = CF528A1F2AB0F8E600975DAD /* Build configuration list for PBXProject "KeychainSample" */;
			compatibilityVersion = "Xcode 14.0";
			developmentRegion = en;
			hasScannedForEncodings = 0;
			knownRegions = (
				en,
				Base,
			);
			mainGroup = CF528A1B2AB0F8E600975DAD;
			productRefGroup = CF528A252AB0F8E600975DAD /* Products */;
			projectDirPath = "";
			projectRoot = "";
			targets = (
				CF528A232AB0F8E600975DAD /* KeychainSample */,
			);
		};
/* End PBXProject section */

/* Begin PBXResourcesBuildPhase section */
		CF528A222AB0F8E600975DAD /* Resources */ = {
			isa = PBXResourcesBuildPhase;
			buildActionMask = 2147483647;
			files = (
				CF528A2F2AB0F8E600975DAD /* Preview Assets.xcassets in Resources */,
				CF528A2C2AB0F8E600975DAD /* Assets.xcassets in Resources */,
			);
			runOnlyForDeploymentPostprocessing = 0;
		};
/* End PBXResourcesBuildPhase section */

/* Begin PBXSourcesBuildPhase section */
		CF528A202AB0F8E600975DAD /* Sources */ = {
			isa = PBXSourcesBuildPhase;
			buildActionMask = 2147483647;
			files = (
				CF9919942AB38C4E00B0F9B9 /* FastLoginView.swift in Sources */,
				CF528A2A2AB0F8E600975DAD /* LoginView.swift in Sources */,
				CF9919982AB38EAA00B0F9B9 /* LoginViewModel.swift in Sources */,
				CF9919962AB38C7200B0F9B9 /* StringExtension.swift in Sources */,
				CF9919922AB38C0F00B0F9B9 /* KeychainManager.swift in Sources */,
				CF528A282AB0F8E600975DAD /* KeychainSampleApp.swift in Sources */,
			);
			runOnlyForDeploymentPostprocessing = 0;
		};
/* End PBXSourcesBuildPhase section */

/* Begin XCBuildConfiguration section */
		CF528A302AB0F8E600975DAD /* Debug */ = {
			isa = XCBuildConfiguration;
			buildSettings = {
				ALWAYS_SEARCH_USER_PATHS = NO;
				CLANG_ANALYZER_NONNULL = YES;
				CLANG_ANALYZER_NUMBER_OBJECT_CONVERSION = YES_AGGRESSIVE;
				CLANG_CXX_LANGUAGE_STANDARD = "gnu++20";
				CLANG_ENABLE_MODULES = YES;
				CLANG_ENABLE_OBJC_ARC = YES;
				CLANG_ENABLE_OBJC_WEAK = YES;
				CLANG_WARN_BLOCK_CAPTURE_AUTORELEASING = YES;
				CLANG_WARN_BOOL_CONVERSION = YES;
				CLANG_WARN_COMMA = YES;
				CLANG_WARN_CONSTANT_CONVERSION = YES;
				CLANG_WARN_DEPRECATED_OBJC_IMPLEMENTATIONS = YES;
				CLANG_WARN_DIRECT_OBJC_ISA_USAGE = YES_ERROR;
				CLANG_WARN_DOCUMENTATION_COMMENTS = YES;
				CLANG_WARN_EMPTY_BODY = YES;
				CLANG_WARN_ENUM_CONVERSION = YES;
				CLANG_WARN_INFINITE_RECURSION = YES;
				CLANG_WARN_INT_CONVERSION = YES;
				CLANG_WARN_NON_LITERAL_NULL_CONVERSION = YES;
				CLANG_WARN_OBJC_IMPLICIT_RETAIN_SELF = YES;
				CLANG_WARN_OBJC_LITERAL_CONVERSION = YES;
				CLANG_WARN_OBJC_ROOT_CLASS = YES_ERROR;
				CLANG_WARN_QUOTED_INCLUDE_IN_FRAMEWORK_HEADER = YES;
				CLANG_WARN_RANGE_LOOP_ANALYSIS = YES;
				CLANG_WARN_STRICT_PROTOTYPES = YES;
				CLANG_WARN_SUSPICIOUS_MOVE = YES;
				CLANG_WARN_UNGUARDED_AVAILABILITY = YES_AGGRESSIVE;
				CLANG_WARN_UNREACHABLE_CODE = YES;
				CLANG_WARN__DUPLICATE_METHOD_MATCH = YES;
				COPY_PHASE_STRIP = NO;
				DEBUG_INFORMATION_FORMAT = dwarf;
				ENABLE_STRICT_OBJC_MSGSEND = YES;
				ENABLE_TESTABILITY = YES;
				GCC_C_LANGUAGE_STANDARD = gnu11;
				GCC_DYNAMIC_NO_PIC = NO;
				GCC_NO_COMMON_BLOCKS = YES;
				GCC_OPTIMIZATION_LEVEL = 0;
				GCC_PREPROCESSOR_DEFINITIONS = (
					"DEBUG=1",
					"$(inherited)",
				);
				GCC_WARN_64_TO_32_BIT_CONVERSION = YES;
				GCC_WARN_ABOUT_RETURN_TYPE = YES_ERROR;
				GCC_WARN_UNDECLARED_SELECTOR = YES;
				GCC_WARN_UNINITIALIZED_AUTOS = YES_AGGRESSIVE;
				GCC_WARN_UNUSED_FUNCTION = YES;
				GCC_WARN_UNUSED_VARIABLE = YES;
				IPHONEOS_DEPLOYMENT_TARGET = 16.4;
				MTL_ENABLE_DEBUG_INFO = INCLUDE_SOURCE;
				MTL_FAST_MATH = YES;
				ONLY_ACTIVE_ARCH = YES;
				SDKROOT = iphoneos;
				SWIFT_ACTIVE_COMPILATION_CONDITIONS = DEBUG;
				SWIFT_OPTIMIZATION_LEVEL = "-Onone";
			};
			name = Debug;
		};
		CF528A312AB0F8E600975DAD /* Release */ = {
			isa = XCBuildConfiguration;
			buildSettings = {
				ALWAYS_SEARCH_USER_PATHS = NO;
				CLANG_ANALYZER_NONNULL = YES;
				CLANG_ANALYZER_NUMBER_OBJECT_CONVERSION = YES_AGGRESSIVE;
				CLANG_CXX_LANGUAGE_STANDARD = "gnu++20";
				CLANG_ENABLE_MODULES = YES;
				CLANG_ENABLE_OBJC_ARC = YES;
				CLANG_ENABLE_OBJC_WEAK = YES;
				CLANG_WARN_BLOCK_CAPTURE_AUTORELEASING = YES;
				CLANG_WARN_BOOL_CONVERSION = YES;
				CLANG_WARN_COMMA = YES;
				CLANG_WARN_CONSTANT_CONVERSION = YES;
				CLANG_WARN_DEPRECATED_OBJC_IMPLEMENTATIONS = YES;
				CLANG_WARN_DIRECT_OBJC_ISA_USAGE = YES_ERROR;
				CLANG_WARN_DOCUMENTATION_COMMENTS = YES;
				CLANG_WARN_EMPTY_BODY = YES;
				CLANG_WARN_ENUM_CONVERSION = YES;
				CLANG_WARN_INFINITE_RECURSION = YES;
				CLANG_WARN_INT_CONVERSION = YES;
				CLANG_WARN_NON_LITERAL_NULL_CONVERSION = YES;
				CLANG_WARN_OBJC_IMPLICIT_RETAIN_SELF = YES;
				CLANG_WARN_OBJC_LITERAL_CONVERSION = YES;
				CLANG_WARN_OBJC_ROOT_CLASS = YES_ERROR;
				CLANG_WARN_QUOTED_INCLUDE_IN_FRAMEWORK_HEADER = YES;
				CLANG_WARN_RANGE_LOOP_ANALYSIS = YES;
				CLANG_WARN_STRICT_PROTOTYPES = YES;
				CLANG_WARN_SUSPICIOUS_MOVE = YES;
				CLANG_WARN_UNGUARDED_AVAILABILITY = YES_AGGRESSIVE;
				CLANG_WARN_UNREACHABLE_CODE = YES;
				CLANG_WARN__DUPLICATE_METHOD_MATCH = YES;
				COPY_PHASE_STRIP = NO;
				DEBUG_INFORMATION_FORMAT = "dwarf-with-dsym";
				ENABLE_NS_ASSERTIONS = NO;
				ENABLE_STRICT_OBJC_MSGSEND = YES;
				GCC_C_LANGUAGE_STANDARD = gnu11;
				GCC_NO_COMMON_BLOCKS = YES;
				GCC_WARN_64_TO_32_BIT_CONVERSION = YES;
				GCC_WARN_ABOUT_RETURN_TYPE = YES_ERROR;
				GCC_WARN_UNDECLARED_SELECTOR = YES;
				GCC_WARN_UNINITIALIZED_AUTOS = YES_AGGRESSIVE;
				GCC_WARN_UNUSED_FUNCTION = YES;
				GCC_WARN_UNUSED_VARIABLE = YES;
				IPHONEOS_DEPLOYMENT_TARGET = 16.4;
				MTL_ENABLE_DEBUG_INFO = NO;
				MTL_FAST_MATH = YES;
				SDKROOT = iphoneos;
				SWIFT_COMPILATION_MODE = wholemodule;
				SWIFT_OPTIMIZATION_LEVEL = "-O";
				VALIDATE_PRODUCT = YES;
			};
			name = Release;
		};
		CF528A332AB0F8E600975DAD /* Debug */ = {
			isa = XCBuildConfiguration;
			buildSettings = {
				ASSETCATALOG_COMPILER_APPICON_NAME = AppIcon;
				ASSETCATALOG_COMPILER_GLOBAL_ACCENT_COLOR_NAME = AccentColor;
				CODE_SIGN_STYLE = Automatic;
				CURRENT_PROJECT_VERSION = 1;
				DEVELOPMENT_ASSET_PATHS = "\"KeychainSample/Preview Content\"";
				DEVELOPMENT_TEAM = 7FX9FX9T59;
				ENABLE_PREVIEWS = YES;
				GENERATE_INFOPLIST_FILE = YES;
				INFOPLIST_FILE = KeychainSample/Info.plist;
				INFOPLIST_KEY_UIApplicationSceneManifest_Generation = YES;
				INFOPLIST_KEY_UIApplicationSupportsIndirectInputEvents = YES;
				INFOPLIST_KEY_UILaunchScreen_Generation = YES;
				INFOPLIST_KEY_UISupportedInterfaceOrientations_iPad = "UIInterfaceOrientationPortrait UIInterfaceOrientationPortraitUpsideDown UIInterfaceOrientationLandscapeLeft UIInterfaceOrientationLandscapeRight";
				INFOPLIST_KEY_UISupportedInterfaceOrientations_iPhone = "UIInterfaceOrientationPortrait UIInterfaceOrientationLandscapeLeft UIInterfaceOrientationLandscapeRight";
				LD_RUNPATH_SEARCH_PATHS = (
					"$(inherited)",
					"@executable_path/Frameworks",
				);
				MARKETING_VERSION = 1.0;
				PRODUCT_BUNDLE_IDENTIFIER = com.ebubekirsezer.KeychainSample;
				PRODUCT_NAME = "$(TARGET_NAME)";
				SWIFT_EMIT_LOC_STRINGS = YES;
				SWIFT_VERSION = 5.0;
				TARGETED_DEVICE_FAMILY = "1,2";
			};
			name = Debug;
		};
		CF528A342AB0F8E600975DAD /* Release */ = {
			isa = XCBuildConfiguration;
			buildSettings = {
				ASSETCATALOG_COMPILER_APPICON_NAME = AppIcon;
				ASSETCATALOG_COMPILER_GLOBAL_ACCENT_COLOR_NAME = AccentColor;
				CODE_SIGN_STYLE = Automatic;
				CURRENT_PROJECT_VERSION = 1;
				DEVELOPMENT_ASSET_PATHS = "\"KeychainSample/Preview Content\"";
				DEVELOPMENT_TEAM = 7FX9FX9T59;
				ENABLE_PREVIEWS = YES;
				GENERATE_INFOPLIST_FILE = YES;
				INFOPLIST_FILE = KeychainSample/Info.plist;
				INFOPLIST_KEY_UIApplicationSceneManifest_Generation = YES;
				INFOPLIST_KEY_UIApplicationSupportsIndirectInputEvents = YES;
				INFOPLIST_KEY_UILaunchScreen_Generation = YES;
				INFOPLIST_KEY_UISupportedInterfaceOrientations_iPad = "UIInterfaceOrientationPortrait UIInterfaceOrientationPortraitUpsideDown UIInterfaceOrientationLandscapeLeft UIInterfaceOrientationLandscapeRight";
				INFOPLIST_KEY_UISupportedInterfaceOrientations_iPhone = "UIInterfaceOrientationPortrait UIInterfaceOrientationLandscapeLeft UIInterfaceOrientationLandscapeRight";
				LD_RUNPATH_SEARCH_PATHS = (
					"$(inherited)",
					"@executable_path/Frameworks",
				);
				MARKETING_VERSION = 1.0;
				PRODUCT_BUNDLE_IDENTIFIER = com.ebubekirsezer.KeychainSample;
				PRODUCT_NAME = "$(TARGET_NAME)";
				SWIFT_EMIT_LOC_STRINGS = YES;
				SWIFT_VERSION = 5.0;
				TARGETED_DEVICE_FAMILY = "1,2";
			};
			name = Release;
		};
/* End XCBuildConfiguration section */

/* Begin XCConfigurationList section */
		CF528A1F2AB0F8E600975DAD /* Build configuration list for PBXProject "KeychainSample" */ = {
			isa = XCConfigurationList;
			buildConfigurations = (
				CF528A302AB0F8E600975DAD /* Debug */,
				CF528A312AB0F8E600975DAD /* Release */,
			);
			defaultConfigurationIsVisible = 0;
			defaultConfigurationName = Release;
		};
		CF528A322AB0F8E600975DAD /* Build configuration list for PBXNativeTarget "KeychainSample" */ = {
			isa = XCConfigurationList;
			buildConfigurations = (
				CF528A332AB0F8E600975DAD /* Debug */,
				CF528A342AB0F8E600975DAD /* Release */,
			);
			defaultConfigurationIsVisible = 0;
			defaultConfigurationName = Release;
		};
/* End XCConfigurationList section */
	};
	rootObject = CF528A1C2AB0F8E600975DAD /* Project object */;
}
